// !$*UTF8*$!
{
	archiveVersion = 1;
	classes = {
	};
	objectVersion = 46;
	objects = {

/* Begin PBXBuildFile section */
		FA91473E15EEC44F00A98BD7 /* UIKit.framework in Frameworks */ = {isa = PBXBuildFile; fileRef = FA91473D15EEC44F00A98BD7 /* UIKit.framework */; };
		FA91474015EEC44F00A98BD7 /* Foundation.framework in Frameworks */ = {isa = PBXBuildFile; fileRef = FA91473F15EEC44F00A98BD7 /* Foundation.framework */; };
		FA91474215EEC44F00A98BD7 /* CoreGraphics.framework in Frameworks */ = {isa = PBXBuildFile; fileRef = FA91474115EEC44F00A98BD7 /* CoreGraphics.framework */; };
		FA91474815EEC44F00A98BD7 /* InfoPlist.strings in Resources */ = {isa = PBXBuildFile; fileRef = FA91474615EEC44F00A98BD7 /* InfoPlist.strings */; };
		FA91474A15EEC44F00A98BD7 /* main.m in Sources */ = {isa = PBXBuildFile; fileRef = FA91474915EEC44F00A98BD7 /* main.m */; };
		FA91474E15EEC44F00A98BD7 /* AppDelegate.m in Sources */ = {isa = PBXBuildFile; fileRef = FA91474D15EEC44F00A98BD7 /* AppDelegate.m */; };
		FA91475615EEC44F00A98BD7 /* SenTestingKit.framework in Frameworks */ = {isa = PBXBuildFile; fileRef = FA91475515EEC44F00A98BD7 /* SenTestingKit.framework */; };
		FA91475715EEC44F00A98BD7 /* UIKit.framework in Frameworks */ = {isa = PBXBuildFile; fileRef = FA91473D15EEC44F00A98BD7 /* UIKit.framework */; };
		FA91475815EEC44F00A98BD7 /* Foundation.framework in Frameworks */ = {isa = PBXBuildFile; fileRef = FA91473F15EEC44F00A98BD7 /* Foundation.framework */; };
		FA91476015EEC44F00A98BD7 /* InfoPlist.strings in Resources */ = {isa = PBXBuildFile; fileRef = FA91475E15EEC44F00A98BD7 /* InfoPlist.strings */; };
		FA91476315EEC44F00A98BD7 /* Project1Tests.m in Sources */ = {isa = PBXBuildFile; fileRef = FA91476215EEC44F00A98BD7 /* Project1Tests.m */; };
/* End PBXBuildFile section */

/* Begin PBXContainerItemProxy section */
		FA91475915EEC44F00A98BD7 /* PBXContainerItemProxy */ = {
			isa = PBXContainerItemProxy;
			containerPortal = FA91473015EEC44F00A98BD7 /* Project object */;
			proxyType = 1;
			remoteGlobalIDString = FA91473815EEC44F00A98BD7;
			remoteInfo = Project1;
		};
/* End PBXContainerItemProxy section */

/* Begin PBXFileReference section */
		FA91473915EEC44F00A98BD7 /* Project1.app */ = {isa = PBXFileReference; explicitFileType = wrapper.application; includeInIndex = 0; path = Project1.app; sourceTree = BUILT_PRODUCTS_DIR; };
		FA91473D15EEC44F00A98BD7 /* UIKit.framework */ = {isa = PBXFileReference; lastKnownFileType = wrapper.framework; name = UIKit.framework; path = System/Library/Frameworks/UIKit.framework; sourceTree = SDKROOT; };
		FA91473F15EEC44F00A98BD7 /* Foundation.framework */ = {isa = PBXFileReference; lastKnownFileType = wrapper.framework; name = Foundation.framework; path = System/Library/Frameworks/Foundation.framework; sourceTree = SDKROOT; };
		FA91474115EEC44F00A98BD7 /* CoreGraphics.framework */ = {isa = PBXFileReference; lastKnownFileType = wrapper.framework; name = CoreGraphics.framework; path = System/Library/Frameworks/CoreGraphics.framework; sourceTree = SDKROOT; };
		FA91474515EEC44F00A98BD7 /* Project1-Info.plist */ = {isa = PBXFileReference; lastKnownFileType = text.plist.xml; path = "Project1-Info.plist"; sourceTree = "<group>"; };
		FA91474715EEC44F00A98BD7 /* en */ = {isa = PBXFileReference; lastKnownFileType = text.plist.strings; name = en; path = en.lproj/InfoPlist.strings; sourceTree = "<group>"; };
		FA91474915EEC44F00A98BD7 /* main.m */ = {isa = PBXFileReference; lastKnownFileType = sourcecode.c.objc; path = main.m; sourceTree = "<group>"; };
		FA91474B15EEC44F00A98BD7 /* Project1-Prefix.pch */ = {isa = PBXFileReference; lastKnownFileType = sourcecode.c.h; path = "Project1-Prefix.pch"; sourceTree = "<group>"; };
		FA91474C15EEC44F00A98BD7 /* AppDelegate.h */ = {isa = PBXFileReference; lastKnownFileType = sourcecode.c.h; path = AppDelegate.h; sourceTree = "<group>"; };
		FA91474D15EEC44F00A98BD7 /* AppDelegate.m */ = {isa = PBXFileReference; lastKnownFileType = sourcecode.c.objc; path = AppDelegate.m; sourceTree = "<group>"; };
		FA91475415EEC44F00A98BD7 /* Project1Tests.octest */ = {isa = PBXFileReference; explicitFileType = wrapper.cfbundle; includeInIndex = 0; path = Project1Tests.octest; sourceTree = BUILT_PRODUCTS_DIR; };
		FA91475515EEC44F00A98BD7 /* SenTestingKit.framework */ = {isa = PBXFileReference; lastKnownFileType = wrapper.framework; name = SenTestingKit.framework; path = Library/Frameworks/SenTestingKit.framework; sourceTree = DEVELOPER_DIR; };
		FA91475D15EEC44F00A98BD7 /* Project1Tests-Info.plist */ = {isa = PBXFileReference; lastKnownFileType = text.plist.xml; path = "Project1Tests-Info.plist"; sourceTree = "<group>"; };
		FA91475F15EEC44F00A98BD7 /* en */ = {isa = PBXFileReference; lastKnownFileType = text.plist.strings; name = en; path = en.lproj/InfoPlist.strings; sourceTree = "<group>"; };
		FA91476115EEC44F00A98BD7 /* Project1Tests.h */ = {isa = PBXFileReference; lastKnownFileType = sourcecode.c.h; path = Project1Tests.h; sourceTree = "<group>"; };
		FA91476215EEC44F00A98BD7 /* Project1Tests.m */ = {isa = PBXFileReference; lastKnownFileType = sourcecode.c.objc; path = Project1Tests.m; sourceTree = "<group>"; };
/* End PBXFileReference section */

/* Begin PBXFrameworksBuildPhase section */
		FA91473615EEC44F00A98BD7 /* Frameworks */ = {
			isa = PBXFrameworksBuildPhase;
			buildActionMask = 2147483647;
			files = (
				FA91473E15EEC44F00A98BD7 /* UIKit.framework in Frameworks */,
				FA91474015EEC44F00A98BD7 /* Foundation.framework in Frameworks */,
				FA91474215EEC44F00A98BD7 /* CoreGraphics.framework in Frameworks */,
			);
			runOnlyForDeploymentPostprocessing = 0;
		};
		FA91475015EEC44F00A98BD7 /* Frameworks */ = {
			isa = PBXFrameworksBuildPhase;
			buildActionMask = 2147483647;
			files = (
				FA91475615EEC44F00A98BD7 /* SenTestingKit.framework in Frameworks */,
				FA91475715EEC44F00A98BD7 /* UIKit.framework in Frameworks */,
				FA91475815EEC44F00A98BD7 /* Foundation.framework in Frameworks */,
			);
			runOnlyForDeploymentPostprocessing = 0;
		};
/* End PBXFrameworksBuildPhase section */

/* Begin PBXGroup section */
		FA91472E15EEC44F00A98BD7 = {
			isa = PBXGroup;
			children = (
				FA91474315EEC44F00A98BD7 /* Project1 */,
				FA91475B15EEC44F00A98BD7 /* Project1Tests */,
				FA91473C15EEC44F00A98BD7 /* Frameworks */,
				FA91473A15EEC44F00A98BD7 /* Products */,
			);
			sourceTree = "<group>";
		};
		FA91473A15EEC44F00A98BD7 /* Products */ = {
			isa = PBXGroup;
			children = (
				FA91473915EEC44F00A98BD7 /* Project1.app */,
				FA91475415EEC44F00A98BD7 /* Project1Tests.octest */,
			);
			name = Products;
			sourceTree = "<group>";
		};
		FA91473C15EEC44F00A98BD7 /* Frameworks */ = {
			isa = PBXGroup;
			children = (
				FA91473D15EEC44F00A98BD7 /* UIKit.framework */,
				FA91473F15EEC44F00A98BD7 /* Foundation.framework */,
				FA91474115EEC44F00A98BD7 /* CoreGraphics.framework */,
				FA91475515EEC44F00A98BD7 /* SenTestingKit.framework */,
			);
			name = Frameworks;
			sourceTree = "<group>";
		};
		FA91474315EEC44F00A98BD7 /* Project1 */ = {
			isa = PBXGroup;
			children = (
				FA91474C15EEC44F00A98BD7 /* AppDelegate.h */,
				FA91474D15EEC44F00A98BD7 /* AppDelegate.m */,
				FA91474415EEC44F00A98BD7 /* Supporting Files */,
			);
			path = Project1;
			sourceTree = "<group>";
		};
		FA91474415EEC44F00A98BD7 /* Supporting Files */ = {
			isa = PBXGroup;
			children = (
				FA91474515EEC44F00A98BD7 /* Project1-Info.plist */,
				FA91474615EEC44F00A98BD7 /* InfoPlist.strings */,
				FA91474915EEC44F00A98BD7 /* main.m */,
				FA91474B15EEC44F00A98BD7 /* Project1-Prefix.pch */,
			);
			name = "Supporting Files";
			sourceTree = "<group>";
		};
		FA91475B15EEC44F00A98BD7 /* Project1Tests */ = {
			isa = PBXGroup;
			children = (
				FA91476115EEC44F00A98BD7 /* Project1Tests.h */,
				FA91476215EEC44F00A98BD7 /* Project1Tests.m */,
				FA91475C15EEC44F00A98BD7 /* Supporting Files */,
			);
			path = Project1Tests;
			sourceTree = "<group>";
		};
		FA91475C15EEC44F00A98BD7 /* Supporting Files */ = {
			isa = PBXGroup;
			children = (
				FA91475D15EEC44F00A98BD7 /* Project1Tests-Info.plist */,
				FA91475E15EEC44F00A98BD7 /* InfoPlist.strings */,
			);
			name = "Supporting Files";
			sourceTree = "<group>";
		};
/* End PBXGroup section */

/* Begin PBXNativeTarget section */
		FA91473815EEC44F00A98BD7 /* Project1 */ = {
			isa = PBXNativeTarget;
			buildConfigurationList = FA91476615EEC44F00A98BD7 /* Build configuration list for PBXNativeTarget "Project1" */;
			buildPhases = (
				FA91473515EEC44F00A98BD7 /* Sources */,
				FA91473615EEC44F00A98BD7 /* Frameworks */,
				FA91473715EEC44F00A98BD7 /* Resources */,
			);
			buildRules = (
			);
			dependencies = (
			);
			name = Project1;
			productName = Project1;
			productReference = FA91473915EEC44F00A98BD7 /* Project1.app */;
			productType = "com.apple.product-type.application";
		};
		FA91475315EEC44F00A98BD7 /* Project1Tests */ = {
			isa = PBXNativeTarget;
			buildConfigurationList = FA91476915EEC44F00A98BD7 /* Build configuration list for PBXNativeTarget "Project1Tests" */;
			buildPhases = (
				FA91474F15EEC44F00A98BD7 /* Sources */,
				FA91475015EEC44F00A98BD7 /* Frameworks */,
				FA91475115EEC44F00A98BD7 /* Resources */,
				FA91475215EEC44F00A98BD7 /* ShellScript */,
			);
			buildRules = (
			);
			dependencies = (
				FA91475A15EEC44F00A98BD7 /* PBXTargetDependency */,
			);
			name = Project1Tests;
			productName = Project1Tests;
			productReference = FA91475415EEC44F00A98BD7 /* Project1Tests.octest */;
			productType = "com.apple.product-type.bundle";
		};
/* End PBXNativeTarget section */

/* Begin PBXProject section */
		FA91473015EEC44F00A98BD7 /* Project object */ = {
			isa = PBXProject;
			attributes = {
				LastUpgradeCheck = 0440;
				ORGANIZATIONNAME = "Russell Carlin";
			};
			buildConfigurationList = FA91473315EEC44F00A98BD7 /* Build configuration list for PBXProject "Project1" */;
			compatibilityVersion = "Xcode 3.2";
			developmentRegion = English;
			hasScannedForEncodings = 0;
			knownRegions = (
				en,
			);
			mainGroup = FA91472E15EEC44F00A98BD7;
			productRefGroup = FA91473A15EEC44F00A98BD7 /* Products */;
			projectDirPath = "";
			projectRoot = "";
			targets = (
				FA91473815EEC44F00A98BD7 /* Project1 */,
				FA91475315EEC44F00A98BD7 /* Project1Tests */,
			);
		};
/* End PBXProject section */

/* Begin PBXResourcesBuildPhase section */
		FA91473715EEC44F00A98BD7 /* Resources */ = {
			isa = PBXResourcesBuildPhase;
			buildActionMask = 2147483647;
			files = (
				FA91474815EEC44F00A98BD7 /* InfoPlist.strings in Resources */,
			);
			runOnlyForDeploymentPostprocessing = 0;
		};
		FA91475115EEC44F00A98BD7 /* Resources */ = {
			isa = PBXResourcesBuildPhase;
			buildActionMask = 2147483647;
			files = (
				FA91476015EEC44F00A98BD7 /* InfoPlist.strings in Resources */,
			);
			runOnlyForDeploymentPostprocessing = 0;
		};
/* End PBXResourcesBuildPhase section */

/* Begin PBXShellScriptBuildPhase section */
		FA91475215EEC44F00A98BD7 /* ShellScript */ = {
			isa = PBXShellScriptBuildPhase;
			buildActionMask = 2147483647;
			files = (
			);
			inputPaths = (
			);
			outputPaths = (
			);
			runOnlyForDeploymentPostprocessing = 0;
			shellPath = /bin/sh;
			shellScript = "# Run the unit tests in this test bundle.\n\"${SYSTEM_DEVELOPER_DIR}/Tools/RunUnitTests\"\n";
		};
/* End PBXShellScriptBuildPhase section */

/* Begin PBXSourcesBuildPhase section */
		FA91473515EEC44F00A98BD7 /* Sources */ = {
			isa = PBXSourcesBuildPhase;
			buildActionMask = 2147483647;
			files = (
				FA91474A15EEC44F00A98BD7 /* main.m in Sources */,
				FA91474E15EEC44F00A98BD7 /* AppDelegate.m in Sources */,
			);
			runOnlyForDeploymentPostprocessing = 0;
		};
		FA91474F15EEC44F00A98BD7 /* Sources */ = {
			isa = PBXSourcesBuildPhase;
			buildActionMask = 2147483647;
			files = (
				FA91476315EEC44F00A98BD7 /* Project1Tests.m in Sources */,
			);
			runOnlyForDeploymentPostprocessing = 0;
		};
/* End PBXSourcesBuildPhase section */

/* Begin PBXTargetDependency section */
		FA91475A15EEC44F00A98BD7 /* PBXTargetDependency */ = {
			isa = PBXTargetDependency;
			target = FA91473815EEC44F00A98BD7 /* Project1 */;
			targetProxy = FA91475915EEC44F00A98BD7 /* PBXContainerItemProxy */;
		};
/* End PBXTargetDependency section */

/* Begin PBXVariantGroup section */
		FA91474615EEC44F00A98BD7 /* InfoPlist.strings */ = {
			isa = PBXVariantGroup;
			children = (
				FA91474715EEC44F00A98BD7 /* en */,
			);
			name = InfoPlist.strings;
			sourceTree = "<group>";
		};
		FA91475E15EEC44F00A98BD7 /* InfoPlist.strings */ = {
			isa = PBXVariantGroup;
			children = (
				FA91475F15EEC44F00A98BD7 /* en */,
			);
			name = InfoPlist.strings;
			sourceTree = "<group>";
		};
/* End PBXVariantGroup section */

/* Begin XCBuildConfiguration section */
		FA91476415EEC44F00A98BD7 /* Debug */ = {
			isa = XCBuildConfiguration;
			buildSettings = {
				ALWAYS_SEARCH_USER_PATHS = NO;
				ARCHS = "$(ARCHS_STANDARD_32_BIT)";
				CLANG_CXX_LANGUAGE_STANDARD = "gnu++0x";
				CLANG_ENABLE_OBJC_ARC = YES;
				CLANG_WARN__DUPLICATE_METHOD_MATCH = YES;
				"CODE_SIGN_IDENTITY[sdk=iphoneos*]" = "iPhone Developer";
				COPY_PHASE_STRIP = NO;
				GCC_C_LANGUAGE_STANDARD = gnu99;
				GCC_DYNAMIC_NO_PIC = NO;
				GCC_OPTIMIZATION_LEVEL = 0;
				GCC_PREPROCESSOR_DEFINITIONS = (
					"DEBUG=1",
					"$(inherited)",
				);
				GCC_SYMBOLS_PRIVATE_EXTERN = NO;
				GCC_VERSION = com.apple.compilers.llvm.clang.1_0;
				GCC_WARN_ABOUT_RETURN_TYPE = YES;
				GCC_WARN_UNINITIALIZED_AUTOS = YES;
				GCC_WARN_UNUSED_VARIABLE = YES;
				IPHONEOS_DEPLOYMENT_TARGET = 5.1;
				SDKROOT = iphoneos;
				TARGETED_DEVICE_FAMILY = 2;
			};
			name = Debug;
		};
		FA91476515EEC44F00A98BD7 /* Release */ = {
			isa = XCBuildConfiguration;
			buildSettings = {
				ALWAYS_SEARCH_USER_PATHS = NO;
				ARCHS = "$(ARCHS_STANDARD_32_BIT)";
				CLANG_CXX_LANGUAGE_STANDARD = "gnu++0x";
				CLANG_ENABLE_OBJC_ARC = YES;
				CLANG_WARN__DUPLICATE_METHOD_MATCH = YES;
				"CODE_SIGN_IDENTITY[sdk=iphoneos*]" = "iPhone Developer";
				COPY_PHASE_STRIP = YES;
				GCC_C_LANGUAGE_STANDARD = gnu99;
				GCC_VERSION = com.apple.compilers.llvm.clang.1_0;
				GCC_WARN_ABOUT_RETURN_TYPE = YES;
				GCC_WARN_UNINITIALIZED_AUTOS = YES;
				GCC_WARN_UNUSED_VARIABLE = YES;
				IPHONEOS_DEPLOYMENT_TARGET = 5.1;
				OTHER_CFLAGS = "-DNS_BLOCK_ASSERTIONS=1";
				SDKROOT = iphoneos;
				TARGETED_DEVICE_FAMILY = 2;
				VALIDATE_PRODUCT = YES;
			};
			name = Release;
		};
		FA91476715EEC44F00A98BD7 /* Debug */ = {
			isa = XCBuildConfiguration;
			buildSettings = {
				GCC_PRECOMPILE_PREFIX_HEADER = YES;
				GCC_PREFIX_HEADER = "Project1/Project1-Prefix.pch";
				INFOPLIST_FILE = "Project1/Project1-Info.plist";
				PRODUCT_NAME = "$(TARGET_NAME)";
				WRAPPER_EXTENSION = app;
			};
			name = Debug;
		};
		FA91476815EEC44F00A98BD7 /* Release */ = {
			isa = XCBuildConfiguration;
			buildSettings = {
				GCC_PRECOMPILE_PREFIX_HEADER = YES;
				GCC_PREFIX_HEADER = "Project1/Project1-Prefix.pch";
				INFOPLIST_FILE = "Project1/Project1-Info.plist";
				PRODUCT_NAME = "$(TARGET_NAME)";
				WRAPPER_EXTENSION = app;
			};
			name = Release;
		};
		FA91476A15EEC44F00A98BD7 /* Debug */ = {
			isa = XCBuildConfiguration;
			buildSettings = {
				BUNDLE_LOADER = "$(BUILT_PRODUCTS_DIR)/Project1.app/Project1";
				FRAMEWORK_SEARCH_PATHS = (
					"\"$(SDKROOT)/Developer/Library/Frameworks\"",
					"\"$(DEVELOPER_LIBRARY_DIR)/Frameworks\"",
				);
				GCC_PRECOMPILE_PREFIX_HEADER = YES;
				GCC_PREFIX_HEADER = "Project1/Project1-Prefix.pch";
				INFOPLIST_FILE = "Project1Tests/Project1Tests-Info.plist";
				PRODUCT_NAME = "$(TARGET_NAME)";
				TEST_HOST = "$(BUNDLE_LOADER)";
				WRAPPER_EXTENSION = octest;
			};
			name = Debug;
		};
		FA91476B15EEC44F00A98BD7 /* Release */ = {
			isa = XCBuildConfiguration;
			buildSettings = {
				BUNDLE_LOADER = "$(BUILT_PRODUCTS_DIR)/Project1.app/Project1";
				FRAMEWORK_SEARCH_PATHS = (
					"\"$(SDKROOT)/Developer/Library/Frameworks\"",
					"\"$(DEVELOPER_LIBRARY_DIR)/Frameworks\"",
				);
				GCC_PRECOMPILE_PREFIX_HEADER = YES;
				GCC_PREFIX_HEADER = "Project1/Project1-Prefix.pch";
				INFOPLIST_FILE = "Project1Tests/Project1Tests-Info.plist";
				PRODUCT_NAME = "$(TARGET_NAME)";
				TEST_HOST = "$(BUNDLE_LOADER)";
				WRAPPER_EXTENSION = octest;
			};
			name = Release;
		};
/* End XCBuildConfiguration section */

/* Begin XCConfigurationList section */
		FA91473315EEC44F00A98BD7 /* Build configuration list for PBXProject "Project1" */ = {
			isa = XCConfigurationList;
			buildConfigurations = (
				FA91476415EEC44F00A98BD7 /* Debug */,
				FA91476515EEC44F00A98BD7 /* Release */,
			);
			defaultConfigurationIsVisible = 0;
			defaultConfigurationName = Release;
		};
		FA91476615EEC44F00A98BD7 /* Build configuration list for PBXNativeTarget "Project1" */ = {
			isa = XCConfigurationList;
			buildConfigurations = (
				FA91476715EEC44F00A98BD7 /* Debug */,
				FA91476815EEC44F00A98BD7 /* Release */,
			);
			defaultConfigurationIsVisible = 0;
		};
		FA91476915EEC44F00A98BD7 /* Build configuration list for PBXNativeTarget "Project1Tests" */ = {
			isa = XCConfigurationList;
			buildConfigurations = (
				FA91476A15EEC44F00A98BD7 /* Debug */,
				FA91476B15EEC44F00A98BD7 /* Release */,
			);
			defaultConfigurationIsVisible = 0;
		};
/* End XCConfigurationList section */
	};
	rootObject = FA91473015EEC44F00A98BD7 /* Project object */;
}
